// !$*UTF8*$!
{
	archiveVersion = 1;
	classes = {
	};
	objectVersion = 56;
	objects = {

/* Begin PBXBuildFile section */
		1F4A63C72BEACB16000119EE /* CaufeeTrakrApp.swift in Sources */ = {isa = PBXBuildFile; fileRef = 1F4A63C62BEACB16000119EE /* CaufeeTrakrApp.swift */; };
		1F4A63C92BEACB16000119EE /* ContentView.swift in Sources */ = {isa = PBXBuildFile; fileRef = 1F4A63C82BEACB16000119EE /* ContentView.swift */; };
		1F4A63CB2BEACB18000119EE /* Assets.xcassets in Resources */ = {isa = PBXBuildFile; fileRef = 1F4A63CA2BEACB18000119EE /* Assets.xcassets */; };
		1F4A63CE2BEACB18000119EE /* Preview Assets.xcassets in Resources */ = {isa = PBXBuildFile; fileRef = 1F4A63CD2BEACB18000119EE /* Preview Assets.xcassets */; };
		1F4A63D52BEACD80000119EE /* CoffeeDataStore.swift in Sources */ = {isa = PBXBuildFile; fileRef = 1F4A63D42BEACD80000119EE /* CoffeeDataStore.swift */; };
		1F4A63D72BEACDA6000119EE /* Drink.swift in Sources */ = {isa = PBXBuildFile; fileRef = 1F4A63D62BEACDA6000119EE /* Drink.swift */; };
		1F4A63D92BEACF94000119EE /* CoffeeData.swift in Sources */ = {isa = PBXBuildFile; fileRef = 1F4A63D82BEACF94000119EE /* CoffeeData.swift */; };
		1F4A63DB2BEACFE8000119EE /* HealthKitController.swift in Sources */ = {isa = PBXBuildFile; fileRef = 1F4A63DA2BEACFE8000119EE /* HealthKitController.swift */; };
		1F4A63DD2BEAD171000119EE /* DrinkType.swift in Sources */ = {isa = PBXBuildFile; fileRef = 1F4A63DC2BEAD171000119EE /* DrinkType.swift */; };
		1F4A63DF2BEAD1BB000119EE /* CoffeeTrackerView.swift in Sources */ = {isa = PBXBuildFile; fileRef = 1F4A63DE2BEAD1BB000119EE /* CoffeeTrackerView.swift */; };
		1F4A63E12BEAD1DA000119EE /* DrinkListView.swift in Sources */ = {isa = PBXBuildFile; fileRef = 1F4A63E02BEAD1DA000119EE /* DrinkListView.swift */; };
/* End PBXBuildFile section */

/* Begin PBXFileReference section */
		1F4A63C32BEACB16000119EE /* CaufeeTrakr.app */ = {isa = PBXFileReference; explicitFileType = wrapper.application; includeInIndex = 0; path = CaufeeTrakr.app; sourceTree = BUILT_PRODUCTS_DIR; };
		1F4A63C62BEACB16000119EE /* CaufeeTrakrApp.swift */ = {isa = PBXFileReference; lastKnownFileType = sourcecode.swift; path = CaufeeTrakrApp.swift; sourceTree = "<group>"; };
		1F4A63C82BEACB16000119EE /* ContentView.swift */ = {isa = PBXFileReference; lastKnownFileType = sourcecode.swift; path = ContentView.swift; sourceTree = "<group>"; };
		1F4A63CA2BEACB18000119EE /* Assets.xcassets */ = {isa = PBXFileReference; lastKnownFileType = folder.assetcatalog; path = Assets.xcassets; sourceTree = "<group>"; };
		1F4A63CD2BEACB18000119EE /* Preview Assets.xcassets */ = {isa = PBXFileReference; lastKnownFileType = folder.assetcatalog; path = "Preview Assets.xcassets"; sourceTree = "<group>"; };
		1F4A63D42BEACD80000119EE /* CoffeeDataStore.swift */ = {isa = PBXFileReference; lastKnownFileType = sourcecode.swift; path = CoffeeDataStore.swift; sourceTree = "<group>"; };
		1F4A63D62BEACDA6000119EE /* Drink.swift */ = {isa = PBXFileReference; lastKnownFileType = sourcecode.swift; path = Drink.swift; sourceTree = "<group>"; };
		1F4A63D82BEACF94000119EE /* CoffeeData.swift */ = {isa = PBXFileReference; lastKnownFileType = sourcecode.swift; path = CoffeeData.swift; sourceTree = "<group>"; };
		1F4A63DA2BEACFE8000119EE /* HealthKitController.swift */ = {isa = PBXFileReference; lastKnownFileType = sourcecode.swift; path = HealthKitController.swift; sourceTree = "<group>"; };
		1F4A63DC2BEAD171000119EE /* DrinkType.swift */ = {isa = PBXFileReference; lastKnownFileType = sourcecode.swift; path = DrinkType.swift; sourceTree = "<group>"; };
		1F4A63DE2BEAD1BB000119EE /* CoffeeTrackerView.swift */ = {isa = PBXFileReference; lastKnownFileType = sourcecode.swift; path = CoffeeTrackerView.swift; sourceTree = "<group>"; };
		1F4A63E02BEAD1DA000119EE /* DrinkListView.swift */ = {isa = PBXFileReference; lastKnownFileType = sourcecode.swift; path = DrinkListView.swift; sourceTree = "<group>"; };
		1FA9E0A02BEAE7460076B355 /* CaufeeTrakr.entitlements */ = {isa = PBXFileReference; lastKnownFileType = text.plist.entitlements; path = CaufeeTrakr.entitlements; sourceTree = "<group>"; };
/* End PBXFileReference section */

/* Begin PBXFrameworksBuildPhase section */
		1F4A63C02BEACB16000119EE /* Frameworks */ = {
			isa = PBXFrameworksBuildPhase;
			buildActionMask = 2147483647;
			files = (
			);
			runOnlyForDeploymentPostprocessing = 0;
		};
/* End PBXFrameworksBuildPhase section */

/* Begin PBXGroup section */
		1F4A63BA2BEACB16000119EE = {
			isa = PBXGroup;
			children = (
				1F4A63C52BEACB16000119EE /* CaufeeTrakr */,
				1F4A63C42BEACB16000119EE /* Products */,
			);
			sourceTree = "<group>";
		};
		1F4A63C42BEACB16000119EE /* Products */ = {
			isa = PBXGroup;
			children = (
				1F4A63C32BEACB16000119EE /* CaufeeTrakr.app */,
			);
			name = Products;
			sourceTree = "<group>";
		};
		1F4A63C52BEACB16000119EE /* CaufeeTrakr */ = {
			isa = PBXGroup;
			children = (
				1FA9E0A02BEAE7460076B355 /* CaufeeTrakr.entitlements */,
				1F4A63C62BEACB16000119EE /* CaufeeTrakrApp.swift */,
				1F4A63C82BEACB16000119EE /* ContentView.swift */,
				1F4A63CA2BEACB18000119EE /* Assets.xcassets */,
				1F4A63CC2BEACB18000119EE /* Preview Content */,
				1F4A63D42BEACD80000119EE /* CoffeeDataStore.swift */,
				1F4A63D82BEACF94000119EE /* CoffeeData.swift */,
				1F4A63DC2BEAD171000119EE /* DrinkType.swift */,
				1F4A63DE2BEAD1BB000119EE /* CoffeeTrackerView.swift */,
				1F4A63E02BEAD1DA000119EE /* DrinkListView.swift */,
				1F4A63DA2BEACFE8000119EE /* HealthKitController.swift */,
				1F4A63D62BEACDA6000119EE /* Drink.swift */,
			);
			path = CaufeeTrakr;
			sourceTree = "<group>";
		};
		1F4A63CC2BEACB18000119EE /* Preview Content */ = {
			isa = PBXGroup;
			children = (
				1F4A63CD2BEACB18000119EE /* Preview Assets.xcassets */,
			);
			path = "Preview Content";
			sourceTree = "<group>";
		};
/* End PBXGroup section */

/* Begin PBXNativeTarget section */
		1F4A63C22BEACB16000119EE /* CaufeeTrakr */ = {
			isa = PBXNativeTarget;
			buildConfigurationList = 1F4A63D12BEACB18000119EE /* Build configuration list for PBXNativeTarget "CaufeeTrakr" */;
			buildPhases = (
				1F4A63BF2BEACB16000119EE /* Sources */,
				1F4A63C02BEACB16000119EE /* Frameworks */,
				1F4A63C12BEACB16000119EE /* Resources */,
			);
			buildRules = (
			);
			dependencies = (
			);
			name = CaufeeTrakr;
			productName = CaufeeTrakr;
			productReference = 1F4A63C32BEACB16000119EE /* CaufeeTrakr.app */;
			productType = "com.apple.product-type.application";
		};
/* End PBXNativeTarget section */

/* Begin PBXProject section */
		1F4A63BB2BEACB16000119EE /* Project object */ = {
			isa = PBXProject;
			attributes = {
				BuildIndependentTargetsInParallel = 1;
				LastSwiftUpdateCheck = 1530;
				LastUpgradeCheck = 1530;
				TargetAttributes = {
					1F4A63C22BEACB16000119EE = {
						CreatedOnToolsVersion = 15.3;
					};
				};
			};
			buildConfigurationList = 1F4A63BE2BEACB16000119EE /* Build configuration list for PBXProject "CaufeeTrakr" */;
			compatibilityVersion = "Xcode 14.0";
			developmentRegion = en;
			hasScannedForEncodings = 0;
			knownRegions = (
				en,
				Base,
			);
			mainGroup = 1F4A63BA2BEACB16000119EE;
			productRefGroup = 1F4A63C42BEACB16000119EE /* Products */;
			projectDirPath = "";
			projectRoot = "";
			targets = (
				1F4A63C22BEACB16000119EE /* CaufeeTrakr */,
			);
		};
/* End PBXProject section */

/* Begin PBXResourcesBuildPhase section */
		1F4A63C12BEACB16000119EE /* Resources */ = {
			isa = PBXResourcesBuildPhase;
			buildActionMask = 2147483647;
			files = (
				1F4A63CE2BEACB18000119EE /* Preview Assets.xcassets in Resources */,
				1F4A63CB2BEACB18000119EE /* Assets.xcassets in Resources */,
			);
			runOnlyForDeploymentPostprocessing = 0;
		};
/* End PBXResourcesBuildPhase section */

/* Begin PBXSourcesBuildPhase section */
		1F4A63BF2BEACB16000119EE /* Sources */ = {
			isa = PBXSourcesBuildPhase;
			buildActionMask = 2147483647;
			files = (
				1F4A63D52BEACD80000119EE /* CoffeeDataStore.swift in Sources */,
				1F4A63E12BEAD1DA000119EE /* DrinkListView.swift in Sources */,
				1F4A63DF2BEAD1BB000119EE /* CoffeeTrackerView.swift in Sources */,
				1F4A63C92BEACB16000119EE /* ContentView.swift in Sources */,
				1F4A63DB2BEACFE8000119EE /* HealthKitController.swift in Sources */,
				1F4A63D92BEACF94000119EE /* CoffeeData.swift in Sources */,
				1F4A63DD2BEAD171000119EE /* DrinkType.swift in Sources */,
				1F4A63D72BEACDA6000119EE /* Drink.swift in Sources */,
				1F4A63C72BEACB16000119EE /* CaufeeTrakrApp.swift in Sources */,
			);
			runOnlyForDeploymentPostprocessing = 0;
		};
/* End PBXSourcesBuildPhase section */

/* Begin XCBuildConfiguration section */
		1F4A63CF2BEACB18000119EE /* Debug */ = {
			isa = XCBuildConfiguration;
			buildSettings = {
				ALWAYS_SEARCH_USER_PATHS = NO;
				ASSETCATALOG_COMPILER_GENERATE_SWIFT_ASSET_SYMBOL_EXTENSIONS = YES;
				CLANG_ANALYZER_NONNULL = YES;
				CLANG_ANALYZER_NUMBER_OBJECT_CONVERSION = YES_AGGRESSIVE;
				CLANG_CXX_LANGUAGE_STANDARD = "gnu++20";
				CLANG_ENABLE_MODULES = YES;
				CLANG_ENABLE_OBJC_ARC = YES;
				CLANG_ENABLE_OBJC_WEAK = YES;
				CLANG_WARN_BLOCK_CAPTURE_AUTORELEASING = YES;
				CLANG_WARN_BOOL_CONVERSION = YES;
				CLANG_WARN_COMMA = YES;
				CLANG_WARN_CONSTANT_CONVERSION = YES;
				CLANG_WARN_DEPRECATED_OBJC_IMPLEMENTATIONS = YES;
				CLANG_WARN_DIRECT_OBJC_ISA_USAGE = YES_ERROR;
				CLANG_WARN_DOCUMENTATION_COMMENTS = YES;
				CLANG_WARN_EMPTY_BODY = YES;
				CLANG_WARN_ENUM_CONVERSION = YES;
				CLANG_WARN_INFINITE_RECURSION = YES;
				CLANG_WARN_INT_CONVERSION = YES;
				CLANG_WARN_NON_LITERAL_NULL_CONVERSION = YES;
				CLANG_WARN_OBJC_IMPLICIT_RETAIN_SELF = YES;
				CLANG_WARN_OBJC_LITERAL_CONVERSION = YES;
				CLANG_WARN_OBJC_ROOT_CLASS = YES_ERROR;
				CLANG_WARN_QUOTED_INCLUDE_IN_FRAMEWORK_HEADER = YES;
				CLANG_WARN_RANGE_LOOP_ANALYSIS = YES;
				CLANG_WARN_STRICT_PROTOTYPES = YES;
				CLANG_WARN_SUSPICIOUS_MOVE = YES;
				CLANG_WARN_UNGUARDED_AVAILABILITY = YES_AGGRESSIVE;
				CLANG_WARN_UNREACHABLE_CODE = YES;
				CLANG_WARN__DUPLICATE_METHOD_MATCH = YES;
				COPY_PHASE_STRIP = NO;
				DEBUG_INFORMATION_FORMAT = dwarf;
				ENABLE_STRICT_OBJC_MSGSEND = YES;
				ENABLE_TESTABILITY = YES;
				ENABLE_USER_SCRIPT_SANDBOXING = YES;
				GCC_C_LANGUAGE_STANDARD = gnu17;
				GCC_DYNAMIC_NO_PIC = NO;
				GCC_NO_COMMON_BLOCKS = YES;
				GCC_OPTIMIZATION_LEVEL = 0;
				GCC_PREPROCESSOR_DEFINITIONS = (
					"DEBUG=1",
					"$(inherited)",
				);
				GCC_WARN_64_TO_32_BIT_CONVERSION = YES;
				GCC_WARN_ABOUT_RETURN_TYPE = YES_ERROR;
				GCC_WARN_UNDECLARED_SELECTOR = YES;
				GCC_WARN_UNINITIALIZED_AUTOS = YES_AGGRESSIVE;
				GCC_WARN_UNUSED_FUNCTION = YES;
				GCC_WARN_UNUSED_VARIABLE = YES;
				IPHONEOS_DEPLOYMENT_TARGET = 17.4;
				LOCALIZATION_PREFERS_STRING_CATALOGS = YES;
				MTL_ENABLE_DEBUG_INFO = INCLUDE_SOURCE;
				MTL_FAST_MATH = YES;
				ONLY_ACTIVE_ARCH = YES;
				SDKROOT = iphoneos;
				SWIFT_ACTIVE_COMPILATION_CONDITIONS = "DEBUG $(inherited)";
				SWIFT_OPTIMIZATION_LEVEL = "-Onone";
			};
			name = Debug;
		};
		1F4A63D02BEACB18000119EE /* Release */ = {
			isa = XCBuildConfiguration;
			buildSettings = {
				ALWAYS_SEARCH_USER_PATHS = NO;
				ASSETCATALOG_COMPILER_GENERATE_SWIFT_ASSET_SYMBOL_EXTENSIONS = YES;
				CLANG_ANALYZER_NONNULL = YES;
				CLANG_ANALYZER_NUMBER_OBJECT_CONVERSION = YES_AGGRESSIVE;
				CLANG_CXX_LANGUAGE_STANDARD = "gnu++20";
				CLANG_ENABLE_MODULES = YES;
				CLANG_ENABLE_OBJC_ARC = YES;
				CLANG_ENABLE_OBJC_WEAK = YES;
				CLANG_WARN_BLOCK_CAPTURE_AUTORELEASING = YES;
				CLANG_WARN_BOOL_CONVERSION = YES;
				CLANG_WARN_COMMA = YES;
				CLANG_WARN_CONSTANT_CONVERSION = YES;
				CLANG_WARN_DEPRECATED_OBJC_IMPLEMENTATIONS = YES;
				CLANG_WARN_DIRECT_OBJC_ISA_USAGE = YES_ERROR;
				CLANG_WARN_DOCUMENTATION_COMMENTS = YES;
				CLANG_WARN_EMPTY_BODY = YES;
				CLANG_WARN_ENUM_CONVERSION = YES;
				CLANG_WARN_INFINITE_RECURSION = YES;
				CLANG_WARN_INT_CONVERSION = YES;
				CLANG_WARN_NON_LITERAL_NULL_CONVERSION = YES;
				CLANG_WARN_OBJC_IMPLICIT_RETAIN_SELF = YES;
				CLANG_WARN_OBJC_LITERAL_CONVERSION = YES;
				CLANG_WARN_OBJC_ROOT_CLASS = YES_ERROR;
				CLANG_WARN_QUOTED_INCLUDE_IN_FRAMEWORK_HEADER = YES;
				CLANG_WARN_RANGE_LOOP_ANALYSIS = YES;
				CLANG_WARN_STRICT_PROTOTYPES = YES;
				CLANG_WARN_SUSPICIOUS_MOVE = YES;
				CLANG_WARN_UNGUARDED_AVAILABILITY = YES_AGGRESSIVE;
				CLANG_WARN_UNREACHABLE_CODE = YES;
				CLANG_WARN__DUPLICATE_METHOD_MATCH = YES;
				COPY_PHASE_STRIP = NO;
				DEBUG_INFORMATION_FORMAT = "dwarf-with-dsym";
				ENABLE_NS_ASSERTIONS = NO;
				ENABLE_STRICT_OBJC_MSGSEND = YES;
				ENABLE_USER_SCRIPT_SANDBOXING = YES;
				GCC_C_LANGUAGE_STANDARD = gnu17;
				GCC_NO_COMMON_BLOCKS = YES;
				GCC_WARN_64_TO_32_BIT_CONVERSION = YES;
				GCC_WARN_ABOUT_RETURN_TYPE = YES_ERROR;
				GCC_WARN_UNDECLARED_SELECTOR = YES;
				GCC_WARN_UNINITIALIZED_AUTOS = YES_AGGRESSIVE;
				GCC_WARN_UNUSED_FUNCTION = YES;
				GCC_WARN_UNUSED_VARIABLE = YES;
				IPHONEOS_DEPLOYMENT_TARGET = 17.4;
				LOCALIZATION_PREFERS_STRING_CATALOGS = YES;
				MTL_ENABLE_DEBUG_INFO = NO;
				MTL_FAST_MATH = YES;
				SDKROOT = iphoneos;
				SWIFT_COMPILATION_MODE = wholemodule;
				VALIDATE_PRODUCT = YES;
			};
			name = Release;
		};
		1F4A63D22BEACB18000119EE /* Debug */ = {
			isa = XCBuildConfiguration;
			buildSettings = {
				ASSETCATALOG_COMPILER_APPICON_NAME = AppIcon;
				ASSETCATALOG_COMPILER_GLOBAL_ACCENT_COLOR_NAME = AccentColor;
				CODE_SIGN_ENTITLEMENTS = CaufeeTrakr/CaufeeTrakr.entitlements;
				CODE_SIGN_STYLE = Automatic;
				CURRENT_PROJECT_VERSION = 1;
				DEVELOPMENT_ASSET_PATHS = "\"CaufeeTrakr/Preview Content\"";
				DEVELOPMENT_TEAM = HW3GSNSVBC;
				ENABLE_PREVIEWS = YES;
				GENERATE_INFOPLIST_FILE = YES;
				INFOPLIST_KEY_NSHealthShareUsageDescription = "to check past caffeine levels";
				INFOPLIST_KEY_NSHealthUpdateUsageDescription = "to update caffeine levels after you report coffee drinks";
				INFOPLIST_KEY_UIApplicationSceneManifest_Generation = YES;
				INFOPLIST_KEY_UIApplicationSupportsIndirectInputEvents = YES;
				INFOPLIST_KEY_UILaunchScreen_Generation = YES;
				INFOPLIST_KEY_UISupportedInterfaceOrientations_iPad = "UIInterfaceOrientationPortrait UIInterfaceOrientationPortraitUpsideDown UIInterfaceOrientationLandscapeLeft UIInterfaceOrientationLandscapeRight";
				INFOPLIST_KEY_UISupportedInterfaceOrientations_iPhone = "UIInterfaceOrientationPortrait UIInterfaceOrientationLandscapeLeft UIInterfaceOrientationLandscapeRight";
				LD_RUNPATH_SEARCH_PATHS = (
					"$(inherited)",
					"@executable_path/Frameworks",
				);
				MARKETING_VERSION = 1.0;
				PRODUCT_BUNDLE_IDENTIFIER = com.fwps.CaufeeTrakr;
				PRODUCT_NAME = "$(TARGET_NAME)";
				SWIFT_EMIT_LOC_STRINGS = YES;
				SWIFT_STRICT_CONCURRENCY = complete;
				SWIFT_VERSION = 5.0;
				TARGETED_DEVICE_FAMILY = "1,2";
			};
			name = Debug;
		};
		1F4A63D32BEACB18000119EE /* Release */ = {
			isa = XCBuildConfiguration;
			buildSettings = {
				ASSETCATALOG_COMPILER_APPICON_NAME = AppIcon;
				ASSETCATALOG_COMPILER_GLOBAL_ACCENT_COLOR_NAME = AccentColor;
				CODE_SIGN_ENTITLEMENTS = CaufeeTrakr/CaufeeTrakr.entitlements;
				CODE_SIGN_STYLE = Automatic;
				CURRENT_PROJECT_VERSION = 1;
				DEVELOPMENT_ASSET_PATHS = "\"CaufeeTrakr/Preview Content\"";
				DEVELOPMENT_TEAM = HW3GSNSVBC;
				ENABLE_PREVIEWS = YES;
				GENERATE_INFOPLIST_FILE = YES;
				INFOPLIST_KEY_NSHealthShareUsageDescription = "to check past caffeine levels";
				INFOPLIST_KEY_NSHealthUpdateUsageDescription = "to update caffeine levels after you report coffee drinks";
				INFOPLIST_KEY_UIApplicationSceneManifest_Generation = YES;
				INFOPLIST_KEY_UIApplicationSupportsIndirectInputEvents = YES;
				INFOPLIST_KEY_UILaunchScreen_Generation = YES;
				INFOPLIST_KEY_UISupportedInterfaceOrientations_iPad = "UIInterfaceOrientationPortrait UIInterfaceOrientationPortraitUpsideDown UIInterfaceOrientationLandscapeLeft UIInterfaceOrientationLandscapeRight";
				INFOPLIST_KEY_UISupportedInterfaceOrientations_iPhone = "UIInterfaceOrientationPortrait UIInterfaceOrientationLandscapeLeft UIInterfaceOrientationLandscapeRight";
				LD_RUNPATH_SEARCH_PATHS = (
					"$(inherited)",
					"@executable_path/Frameworks",
				);
				MARKETING_VERSION = 1.0;
				PRODUCT_BUNDLE_IDENTIFIER = com.fwps.CaufeeTrakr;
				PRODUCT_NAME = "$(TARGET_NAME)";
				SWIFT_EMIT_LOC_STRINGS = YES;
				SWIFT_STRICT_CONCURRENCY = complete;
				SWIFT_VERSION = 5.0;
				TARGETED_DEVICE_FAMILY = "1,2";
			};
			name = Release;
		};
/* End XCBuildConfiguration section */

/* Begin XCConfigurationList section */
		1F4A63BE2BEACB16000119EE /* Build configuration list for PBXProject "CaufeeTrakr" */ = {
			isa = XCConfigurationList;
			buildConfigurations = (
				1F4A63CF2BEACB18000119EE /* Debug */,
				1F4A63D02BEACB18000119EE /* Release */,
			);
			defaultConfigurationIsVisible = 0;
			defaultConfigurationName = Release;
		};
		1F4A63D12BEACB18000119EE /* Build configuration list for PBXNativeTarget "CaufeeTrakr" */ = {
			isa = XCConfigurationList;
			buildConfigurations = (
				1F4A63D22BEACB18000119EE /* Debug */,
				1F4A63D32BEACB18000119EE /* Release */,
			);
			defaultConfigurationIsVisible = 0;
			defaultConfigurationName = Release;
		};
/* End XCConfigurationList section */
	};
	rootObject = 1F4A63BB2BEACB16000119EE /* Project object */;
}
